
Microsoft Visual Studio Solution File, Format Version 12.00
# Visual Studio Version 17
VisualStudioVersion = 17.3.32929.385
MinimumVisualStudioVersion = 10.0.40219.1
Project("{FAE04EC0-301F-11D3-BF4B-00C04F79EFBC}") = "WPFWord", "WPFWord\WPFWord.csproj", "{7A7C7A2A-A2D1-40EE-BA1C-885CCD52138A}"
EndProject
Global
	GlobalSection(SolutionConfigurationPlatforms) = preSolution
		Debug|Any CPU = Debug|Any CPU
		Release|Any CPU = Release|Any CPU
	EndGlobalSection
	GlobalSection(ProjectConfigurationPlatforms) = postSolution
		{7A7C7A2A-A2D1-40EE-BA1C-885CCD52138A}.Debug|Any CPU.ActiveCfg = Debug|Any CPU
		{7A7C7A2A-A2D1-40EE-BA1C-885CCD52138A}.Debug|Any CPU.Build.0 = Debug|Any CPU
		{7A7C7A2A-A2D1-40EE-BA1C-885CCD52138A}.Release|Any CPU.ActiveCfg = Release|Any CPU
		{7A7C7A2A-A2D1-40EE-BA1C-885CCD52138A}.Release|Any CPU.Build.0 = Release|Any CPU
	EndGlobalSection
	GlobalSection(SolutionProperties) = preSolution
		HideSolutionNode = FALSE
	EndGlobalSection
	GlobalSection(ExtensibilityGlobals) = postSolution
		SolutionGuid = {A99DE146-B161-4DA6-A0DD-47F6FF564FB0}
	EndGlobalSection
EndGlobal
